// !$*UTF8*$!
{
	archiveVersion = 1;
	classes = {
	};
	objectVersion = 46;
	objects = {

/* Begin PBXBuildFile section */
		7FB741BB1B666A7600C7BFDC /* AppDelegate.swift in Sources */ = {isa = PBXBuildFile; fileRef = 7FB741BA1B666A7600C7BFDC /* AppDelegate.swift */; };
		7FB741BD1B666A7600C7BFDC /* ViewController.swift in Sources */ = {isa = PBXBuildFile; fileRef = 7FB741BC1B666A7600C7BFDC /* ViewController.swift */; };
		7FB741C01B666A7600C7BFDC /* Main.storyboard in Resources */ = {isa = PBXBuildFile; fileRef = 7FB741BE1B666A7600C7BFDC /* Main.storyboard */; };
		7FB741C21B666A7600C7BFDC /* Images.xcassets in Resources */ = {isa = PBXBuildFile; fileRef = 7FB741C11B666A7600C7BFDC /* Images.xcassets */; };
		7FB741C51B666A7600C7BFDC /* LaunchScreen.xib in Resources */ = {isa = PBXBuildFile; fileRef = 7FB741C31B666A7600C7BFDC /* LaunchScreen.xib */; };
		7FB741D11B666A7600C7BFDC /* TV__Tests.swift in Sources */ = {isa = PBXBuildFile; fileRef = 7FB741D01B666A7600C7BFDC /* TV__Tests.swift */; };
		7FB741DC1B666D3B00C7BFDC /* AudioToolbox.framework in Frameworks */ = {isa = PBXBuildFile; fileRef = 7FB741DB1B666D3B00C7BFDC /* AudioToolbox.framework */; };
		7FB741DE1B666D4300C7BFDC /* AVFoundation.framework in Frameworks */ = {isa = PBXBuildFile; fileRef = 7FB741DD1B666D4300C7BFDC /* AVFoundation.framework */; };
		7FB741E01B666D4D00C7BFDC /* CoreMedia.framework in Frameworks */ = {isa = PBXBuildFile; fileRef = 7FB741DF1B666D4D00C7BFDC /* CoreMedia.framework */; };
		7FB741E21B666D5600C7BFDC /* CoreGraphics.framework in Frameworks */ = {isa = PBXBuildFile; fileRef = 7FB741E11B666D5600C7BFDC /* CoreGraphics.framework */; };
		7FB741E41B666D6F00C7BFDC /* GLKit.framework in Frameworks */ = {isa = PBXBuildFile; fileRef = 7FB741E31B666D6F00C7BFDC /* GLKit.framework */; };
		7FB741E61B666D7F00C7BFDC /* Foundation.framework in Frameworks */ = {isa = PBXBuildFile; fileRef = 7FB741E51B666D7F00C7BFDC /* Foundation.framework */; };
		7FB741E81B666D9100C7BFDC /* SystemConfiguration.framework in Frameworks */ = {isa = PBXBuildFile; fileRef = 7FB741E71B666D9100C7BFDC /* SystemConfiguration.framework */; };
		7FB741EA1B666DA200C7BFDC /* libc++.dylib in Frameworks */ = {isa = PBXBuildFile; fileRef = 7FB741E91B666DA200C7BFDC /* libc++.dylib */; };
		7FB741EC1B666DB200C7BFDC /* libstdc++.6.0.9.dylib in Frameworks */ = {isa = PBXBuildFile; fileRef = 7FB741EB1B666DB200C7BFDC /* libstdc++.6.0.9.dylib */; };
		7FB741EE1B666DBF00C7BFDC /* libsqlite3.dylib in Frameworks */ = {isa = PBXBuildFile; fileRef = 7FB741ED1B666DBF00C7BFDC /* libsqlite3.dylib */; };
		7FB741F01B666DCB00C7BFDC /* libcurses.dylib in Frameworks */ = {isa = PBXBuildFile; fileRef = 7FB741EF1B666DCB00C7BFDC /* libcurses.dylib */; };
		7FB741F21B666DDA00C7BFDC /* SkyWay.framework in Frameworks */ = {isa = PBXBuildFile; fileRef = 7FB741F11B666DDA00C7BFDC /* SkyWay.framework */; };
		7FB741F81B66702500C7BFDC /* libicucore.dylib in Frameworks */ = {isa = PBXBuildFile; fileRef = 7FB741F71B66702500C7BFDC /* libicucore.dylib */; };
		7FB741FA1B669D0D00C7BFDC /* InitialViewController.swift in Sources */ = {isa = PBXBuildFile; fileRef = 7FB741F91B669D0D00C7BFDC /* InitialViewController.swift */; };
/* End PBXBuildFile section */

/* Begin PBXContainerItemProxy section */
		7FB741CB1B666A7600C7BFDC /* PBXContainerItemProxy */ = {
			isa = PBXContainerItemProxy;
			containerPortal = 7FB741AD1B666A7600C7BFDC /* Project object */;
			proxyType = 1;
			remoteGlobalIDString = 7FB741B41B666A7600C7BFDC;
			remoteInfo = "TV電話";
		};
/* End PBXContainerItemProxy section */

/* Begin PBXFileReference section */
		7FB741B51B666A7600C7BFDC /* TV電話.app */ = {isa = PBXFileReference; explicitFileType = wrapper.application; includeInIndex = 0; path = "TV電話.app"; sourceTree = BUILT_PRODUCTS_DIR; };
		7FB741B91B666A7600C7BFDC /* Info.plist */ = {isa = PBXFileReference; lastKnownFileType = text.plist.xml; path = Info.plist; sourceTree = "<group>"; };
		7FB741BA1B666A7600C7BFDC /* AppDelegate.swift */ = {isa = PBXFileReference; lastKnownFileType = sourcecode.swift; path = AppDelegate.swift; sourceTree = "<group>"; };
		7FB741BC1B666A7600C7BFDC /* ViewController.swift */ = {isa = PBXFileReference; lastKnownFileType = sourcecode.swift; path = ViewController.swift; sourceTree = "<group>"; };
		7FB741BF1B666A7600C7BFDC /* Base */ = {isa = PBXFileReference; lastKnownFileType = file.storyboard; name = Base; path = Base.lproj/Main.storyboard; sourceTree = "<group>"; };
		7FB741C11B666A7600C7BFDC /* Images.xcassets */ = {isa = PBXFileReference; lastKnownFileType = folder.assetcatalog; path = Images.xcassets; sourceTree = "<group>"; };
		7FB741C41B666A7600C7BFDC /* Base */ = {isa = PBXFileReference; lastKnownFileType = file.xib; name = Base; path = Base.lproj/LaunchScreen.xib; sourceTree = "<group>"; };
		7FB741CA1B666A7600C7BFDC /* TV電話Tests.xctest */ = {isa = PBXFileReference; explicitFileType = wrapper.cfbundle; includeInIndex = 0; path = "TV電話Tests.xctest"; sourceTree = BUILT_PRODUCTS_DIR; };
		7FB741CF1B666A7600C7BFDC /* Info.plist */ = {isa = PBXFileReference; lastKnownFileType = text.plist.xml; path = Info.plist; sourceTree = "<group>"; };
		7FB741D01B666A7600C7BFDC /* TV__Tests.swift */ = {isa = PBXFileReference; lastKnownFileType = sourcecode.swift; path = TV__Tests.swift; sourceTree = "<group>"; };
		7FB741DB1B666D3B00C7BFDC /* AudioToolbox.framework */ = {isa = PBXFileReference; lastKnownFileType = wrapper.framework; name = AudioToolbox.framework; path = System/Library/Frameworks/AudioToolbox.framework; sourceTree = SDKROOT; };
		7FB741DD1B666D4300C7BFDC /* AVFoundation.framework */ = {isa = PBXFileReference; lastKnownFileType = wrapper.framework; name = AVFoundation.framework; path = System/Library/Frameworks/AVFoundation.framework; sourceTree = SDKROOT; };
		7FB741DF1B666D4D00C7BFDC /* CoreMedia.framework */ = {isa = PBXFileReference; lastKnownFileType = wrapper.framework; name = CoreMedia.framework; path = System/Library/Frameworks/CoreMedia.framework; sourceTree = SDKROOT; };
		7FB741E11B666D5600C7BFDC /* CoreGraphics.framework */ = {isa = PBXFileReference; lastKnownFileType = wrapper.framework; name = CoreGraphics.framework; path = System/Library/Frameworks/CoreGraphics.framework; sourceTree = SDKROOT; };
		7FB741E31B666D6F00C7BFDC /* GLKit.framework */ = {isa = PBXFileReference; lastKnownFileType = wrapper.framework; name = GLKit.framework; path = System/Library/Frameworks/GLKit.framework; sourceTree = SDKROOT; };
		7FB741E51B666D7F00C7BFDC /* Foundation.framework */ = {isa = PBXFileReference; lastKnownFileType = wrapper.framework; name = Foundation.framework; path = System/Library/Frameworks/Foundation.framework; sourceTree = SDKROOT; };
		7FB741E71B666D9100C7BFDC /* SystemConfiguration.framework */ = {isa = PBXFileReference; lastKnownFileType = wrapper.framework; name = SystemConfiguration.framework; path = System/Library/Frameworks/SystemConfiguration.framework; sourceTree = SDKROOT; };
		7FB741E91B666DA200C7BFDC /* libc++.dylib */ = {isa = PBXFileReference; lastKnownFileType = "compiled.mach-o.dylib"; name = "libc++.dylib"; path = "usr/lib/libc++.dylib"; sourceTree = SDKROOT; };
		7FB741EB1B666DB200C7BFDC /* libstdc++.6.0.9.dylib */ = {isa = PBXFileReference; lastKnownFileType = "compiled.mach-o.dylib"; name = "libstdc++.6.0.9.dylib"; path = "usr/lib/libstdc++.6.0.9.dylib"; sourceTree = SDKROOT; };
		7FB741ED1B666DBF00C7BFDC /* libsqlite3.dylib */ = {isa = PBXFileReference; lastKnownFileType = "compiled.mach-o.dylib"; name = libsqlite3.dylib; path = usr/lib/libsqlite3.dylib; sourceTree = SDKROOT; };
		7FB741EF1B666DCB00C7BFDC /* libcurses.dylib */ = {isa = PBXFileReference; lastKnownFileType = "compiled.mach-o.dylib"; name = libcurses.dylib; path = usr/lib/libcurses.dylib; sourceTree = SDKROOT; };
		7FB741F11B666DDA00C7BFDC /* SkyWay.framework */ = {isa = PBXFileReference; lastKnownFileType = wrapper.framework; name = SkyWay.framework; path = "../../../Downloads/SkyWay-iOS-SDK-0.1.0/SkyWay.framework"; sourceTree = "<group>"; };
		7FB741F31B666E1600C7BFDC /* TV電話-Bridging-Header.h */ = {isa = PBXFileReference; lastKnownFileType = sourcecode.c.h; path = "TV電話-Bridging-Header.h"; sourceTree = "<group>"; };
		7FB741F71B66702500C7BFDC /* libicucore.dylib */ = {isa = PBXFileReference; lastKnownFileType = "compiled.mach-o.dylib"; name = libicucore.dylib; path = usr/lib/libicucore.dylib; sourceTree = SDKROOT; };
		7FB741F91B669D0D00C7BFDC /* InitialViewController.swift */ = {isa = PBXFileReference; fileEncoding = 4; lastKnownFileType = sourcecode.swift; path = InitialViewController.swift; sourceTree = "<group>"; };
/* End PBXFileReference section */

/* Begin PBXFrameworksBuildPhase section */
		7FB741B21B666A7600C7BFDC /* Frameworks */ = {
			isa = PBXFrameworksBuildPhase;
			buildActionMask = 2147483647;
			files = (
				7FB741F81B66702500C7BFDC /* libicucore.dylib in Frameworks */,
				7FB741F21B666DDA00C7BFDC /* SkyWay.framework in Frameworks */,
				7FB741F01B666DCB00C7BFDC /* libcurses.dylib in Frameworks */,
				7FB741EE1B666DBF00C7BFDC /* libsqlite3.dylib in Frameworks */,
				7FB741EC1B666DB200C7BFDC /* libstdc++.6.0.9.dylib in Frameworks */,
				7FB741EA1B666DA200C7BFDC /* libc++.dylib in Frameworks */,
				7FB741E81B666D9100C7BFDC /* SystemConfiguration.framework in Frameworks */,
				7FB741E61B666D7F00C7BFDC /* Foundation.framework in Frameworks */,
				7FB741E41B666D6F00C7BFDC /* GLKit.framework in Frameworks */,
				7FB741E21B666D5600C7BFDC /* CoreGraphics.framework in Frameworks */,
				7FB741E01B666D4D00C7BFDC /* CoreMedia.framework in Frameworks */,
				7FB741DE1B666D4300C7BFDC /* AVFoundation.framework in Frameworks */,
				7FB741DC1B666D3B00C7BFDC /* AudioToolbox.framework in Frameworks */,
			);
			runOnlyForDeploymentPostprocessing = 0;
		};
		7FB741C71B666A7600C7BFDC /* Frameworks */ = {
			isa = PBXFrameworksBuildPhase;
			buildActionMask = 2147483647;
			files = (
			);
			runOnlyForDeploymentPostprocessing = 0;
		};
/* End PBXFrameworksBuildPhase section */

/* Begin PBXGroup section */
		7FB741AC1B666A7600C7BFDC = {
			isa = PBXGroup;
			children = (
				7FB741B71B666A7600C7BFDC /* TV電話 */,
				7FB741DA1B666D2A00C7BFDC /* Framework */,
				7FB741CD1B666A7600C7BFDC /* TV電話Tests */,
				7FB741B61B666A7600C7BFDC /* Products */,
			);
			sourceTree = "<group>";
		};
		7FB741B61B666A7600C7BFDC /* Products */ = {
			isa = PBXGroup;
			children = (
				7FB741B51B666A7600C7BFDC /* TV電話.app */,
				7FB741CA1B666A7600C7BFDC /* TV電話Tests.xctest */,
			);
			name = Products;
			sourceTree = "<group>";
		};
		7FB741B71B666A7600C7BFDC /* TV電話 */ = {
			isa = PBXGroup;
			children = (
				7FB741BA1B666A7600C7BFDC /* AppDelegate.swift */,
				7FB741BC1B666A7600C7BFDC /* ViewController.swift */,
				7FB741BE1B666A7600C7BFDC /* Main.storyboard */,
				7FB741C11B666A7600C7BFDC /* Images.xcassets */,
				7FB741C31B666A7600C7BFDC /* LaunchScreen.xib */,
				7FB741B81B666A7600C7BFDC /* Supporting Files */,
				7FB741F31B666E1600C7BFDC /* TV電話-Bridging-Header.h */,
				7FB741F91B669D0D00C7BFDC /* InitialViewController.swift */,
			);
			path = "TV電話";
			sourceTree = "<group>";
		};
		7FB741B81B666A7600C7BFDC /* Supporting Files */ = {
			isa = PBXGroup;
			children = (
				7FB741B91B666A7600C7BFDC /* Info.plist */,
			);
			name = "Supporting Files";
			sourceTree = "<group>";
		};
		7FB741CD1B666A7600C7BFDC /* TV電話Tests */ = {
			isa = PBXGroup;
			children = (
				7FB741D01B666A7600C7BFDC /* TV__Tests.swift */,
				7FB741CE1B666A7600C7BFDC /* Supporting Files */,
			);
			path = "TV電話Tests";
			sourceTree = "<group>";
		};
		7FB741CE1B666A7600C7BFDC /* Supporting Files */ = {
			isa = PBXGroup;
			children = (
				7FB741CF1B666A7600C7BFDC /* Info.plist */,
			);
			name = "Supporting Files";
			sourceTree = "<group>";
		};
		7FB741DA1B666D2A00C7BFDC /* Framework */ = {
			isa = PBXGroup;
			children = (
				7FB741F71B66702500C7BFDC /* libicucore.dylib */,
				7FB741F11B666DDA00C7BFDC /* SkyWay.framework */,
				7FB741EF1B666DCB00C7BFDC /* libcurses.dylib */,
				7FB741ED1B666DBF00C7BFDC /* libsqlite3.dylib */,
				7FB741EB1B666DB200C7BFDC /* libstdc++.6.0.9.dylib */,
				7FB741E91B666DA200C7BFDC /* libc++.dylib */,
				7FB741E71B666D9100C7BFDC /* SystemConfiguration.framework */,
				7FB741E51B666D7F00C7BFDC /* Foundation.framework */,
				7FB741E31B666D6F00C7BFDC /* GLKit.framework */,
				7FB741E11B666D5600C7BFDC /* CoreGraphics.framework */,
				7FB741DF1B666D4D00C7BFDC /* CoreMedia.framework */,
				7FB741DD1B666D4300C7BFDC /* AVFoundation.framework */,
				7FB741DB1B666D3B00C7BFDC /* AudioToolbox.framework */,
			);
			name = Framework;
			path = "TV電話";
			sourceTree = "<group>";
		};
/* End PBXGroup section */

/* Begin PBXNativeTarget section */
		7FB741B41B666A7600C7BFDC /* TV電話 */ = {
			isa = PBXNativeTarget;
			buildConfigurationList = 7FB741D41B666A7600C7BFDC /* Build configuration list for PBXNativeTarget "TV電話" */;
			buildPhases = (
				7FB741B11B666A7600C7BFDC /* Sources */,
				7FB741B21B666A7600C7BFDC /* Frameworks */,
				7FB741B31B666A7600C7BFDC /* Resources */,
			);
			buildRules = (
			);
			dependencies = (
			);
			name = "TV電話";
			productName = "TV電話";
			productReference = 7FB741B51B666A7600C7BFDC /* TV電話.app */;
			productType = "com.apple.product-type.application";
		};
		7FB741C91B666A7600C7BFDC /* TV電話Tests */ = {
			isa = PBXNativeTarget;
			buildConfigurationList = 7FB741D71B666A7600C7BFDC /* Build configuration list for PBXNativeTarget "TV電話Tests" */;
			buildPhases = (
				7FB741C61B666A7600C7BFDC /* Sources */,
				7FB741C71B666A7600C7BFDC /* Frameworks */,
				7FB741C81B666A7600C7BFDC /* Resources */,
			);
			buildRules = (
			);
			dependencies = (
				7FB741CC1B666A7600C7BFDC /* PBXTargetDependency */,
			);
			name = "TV電話Tests";
			productName = "TV電話Tests";
			productReference = 7FB741CA1B666A7600C7BFDC /* TV電話Tests.xctest */;
			productType = "com.apple.product-type.bundle.unit-test";
		};
/* End PBXNativeTarget section */

/* Begin PBXProject section */
		7FB741AD1B666A7600C7BFDC /* Project object */ = {
			isa = PBXProject;
			attributes = {
				LastUpgradeCheck = 0640;
				ORGANIZATIONNAME = "reo harada";
				TargetAttributes = {
					7FB741B41B666A7600C7BFDC = {
						CreatedOnToolsVersion = 6.4;
						DevelopmentTeam = U435EYR422;
					};
					7FB741C91B666A7600C7BFDC = {
						CreatedOnToolsVersion = 6.4;
						TestTargetID = 7FB741B41B666A7600C7BFDC;
					};
				};
			};
			buildConfigurationList = 7FB741B01B666A7600C7BFDC /* Build configuration list for PBXProject "TV電話" */;
			compatibilityVersion = "Xcode 3.2";
			developmentRegion = English;
			hasScannedForEncodings = 0;
			knownRegions = (
				en,
				Base,
			);
			mainGroup = 7FB741AC1B666A7600C7BFDC;
			productRefGroup = 7FB741B61B666A7600C7BFDC /* Products */;
			projectDirPath = "";
			projectRoot = "";
			targets = (
				7FB741B41B666A7600C7BFDC /* TV電話 */,
				7FB741C91B666A7600C7BFDC /* TV電話Tests */,
			);
		};
/* End PBXProject section */

/* Begin PBXResourcesBuildPhase section */
		7FB741B31B666A7600C7BFDC /* Resources */ = {
			isa = PBXResourcesBuildPhase;
			buildActionMask = 2147483647;
			files = (
				7FB741C01B666A7600C7BFDC /* Main.storyboard in Resources */,
				7FB741C51B666A7600C7BFDC /* LaunchScreen.xib in Resources */,
				7FB741C21B666A7600C7BFDC /* Images.xcassets in Resources */,
			);
			runOnlyForDeploymentPostprocessing = 0;
		};
		7FB741C81B666A7600C7BFDC /* Resources */ = {
			isa = PBXResourcesBuildPhase;
			buildActionMask = 2147483647;
			files = (
			);
			runOnlyForDeploymentPostprocessing = 0;
		};
/* End PBXResourcesBuildPhase section */

/* Begin PBXSourcesBuildPhase section */
		7FB741B11B666A7600C7BFDC /* Sources */ = {
			isa = PBXSourcesBuildPhase;
			buildActionMask = 2147483647;
			files = (
				7FB741FA1B669D0D00C7BFDC /* InitialViewController.swift in Sources */,
				7FB741BD1B666A7600C7BFDC /* ViewController.swift in Sources */,
				7FB741BB1B666A7600C7BFDC /* AppDelegate.swift in Sources */,
			);
			runOnlyForDeploymentPostprocessing = 0;
		};
		7FB741C61B666A7600C7BFDC /* Sources */ = {
			isa = PBXSourcesBuildPhase;
			buildActionMask = 2147483647;
			files = (
				7FB741D11B666A7600C7BFDC /* TV__Tests.swift in Sources */,
			);
			runOnlyForDeploymentPostprocessing = 0;
		};
/* End PBXSourcesBuildPhase section */

/* Begin PBXTargetDependency section */
		7FB741CC1B666A7600C7BFDC /* PBXTargetDependency */ = {
			isa = PBXTargetDependency;
			target = 7FB741B41B666A7600C7BFDC /* TV電話 */;
			targetProxy = 7FB741CB1B666A7600C7BFDC /* PBXContainerItemProxy */;
		};
/* End PBXTargetDependency section */

/* Begin PBXVariantGroup section */
		7FB741BE1B666A7600C7BFDC /* Main.storyboard */ = {
			isa = PBXVariantGroup;
			children = (
				7FB741BF1B666A7600C7BFDC /* Base */,
			);
			name = Main.storyboard;
			sourceTree = "<group>";
		};
		7FB741C31B666A7600C7BFDC /* LaunchScreen.xib */ = {
			isa = PBXVariantGroup;
			children = (
				7FB741C41B666A7600C7BFDC /* Base */,
			);
			name = LaunchScreen.xib;
			sourceTree = "<group>";
		};
/* End PBXVariantGroup section */

/* Begin XCBuildConfiguration section */
		7FB741D21B666A7600C7BFDC /* Debug */ = {
			isa = XCBuildConfiguration;
			buildSettings = {
				ALWAYS_SEARCH_USER_PATHS = NO;
				ARCHS = "$(ARCHS_STANDARD_32_BIT)";
				CLANG_CXX_LANGUAGE_STANDARD = "gnu++0x";
				CLANG_CXX_LIBRARY = "libc++";
				CLANG_ENABLE_MODULES = YES;
				CLANG_ENABLE_OBJC_ARC = YES;
				CLANG_WARN_BOOL_CONVERSION = YES;
				CLANG_WARN_CONSTANT_CONVERSION = YES;
				CLANG_WARN_DIRECT_OBJC_ISA_USAGE = YES_ERROR;
				CLANG_WARN_EMPTY_BODY = YES;
				CLANG_WARN_ENUM_CONVERSION = YES;
				CLANG_WARN_INT_CONVERSION = YES;
				CLANG_WARN_OBJC_ROOT_CLASS = YES_ERROR;
				CLANG_WARN_UNREACHABLE_CODE = YES;
				CLANG_WARN__DUPLICATE_METHOD_MATCH = YES;
				"CODE_SIGN_IDENTITY[sdk=iphoneos*]" = "iPhone Developer";
				COPY_PHASE_STRIP = NO;
				DEBUG_INFORMATION_FORMAT = "dwarf-with-dsym";
				ENABLE_STRICT_OBJC_MSGSEND = YES;
				GCC_C_LANGUAGE_STANDARD = gnu99;
				GCC_DYNAMIC_NO_PIC = NO;
				GCC_NO_COMMON_BLOCKS = YES;
				GCC_OPTIMIZATION_LEVEL = 0;
				GCC_PREPROCESSOR_DEFINITIONS = (
					"DEBUG=1",
					"$(inherited)",
				);
				GCC_SYMBOLS_PRIVATE_EXTERN = NO;
				GCC_WARN_64_TO_32_BIT_CONVERSION = YES;
				GCC_WARN_ABOUT_RETURN_TYPE = YES_ERROR;
				GCC_WARN_UNDECLARED_SELECTOR = YES;
				GCC_WARN_UNINITIALIZED_AUTOS = YES_AGGRESSIVE;
				GCC_WARN_UNUSED_FUNCTION = YES;
				GCC_WARN_UNUSED_VARIABLE = YES;
				IPHONEOS_DEPLOYMENT_TARGET = 8.4;
				MTL_ENABLE_DEBUG_INFO = YES;
				ONLY_ACTIVE_ARCH = YES;
				SDKROOT = iphoneos;
				SWIFT_OPTIMIZATION_LEVEL = "-Onone";
			};
			name = Debug;
		};
		7FB741D31B666A7600C7BFDC /* Release */ = {
			isa = XCBuildConfiguration;
			buildSettings = {
				ALWAYS_SEARCH_USER_PATHS = NO;
				ARCHS = "$(ARCHS_STANDARD_32_BIT)";
				CLANG_CXX_LANGUAGE_STANDARD = "gnu++0x";
				CLANG_CXX_LIBRARY = "libc++";
				CLANG_ENABLE_MODULES = YES;
				CLANG_ENABLE_OBJC_ARC = YES;
				CLANG_WARN_BOOL_CONVERSION = YES;
				CLANG_WARN_CONSTANT_CONVERSION = YES;
				CLANG_WARN_DIRECT_OBJC_ISA_USAGE = YES_ERROR;
				CLANG_WARN_EMPTY_BODY = YES;
				CLANG_WARN_ENUM_CONVERSION = YES;
				CLANG_WARN_INT_CONVERSION = YES;
				CLANG_WARN_OBJC_ROOT_CLASS = YES_ERROR;
				CLANG_WARN_UNREACHABLE_CODE = YES;
				CLANG_WARN__DUPLICATE_METHOD_MATCH = YES;
				"CODE_SIGN_IDENTITY[sdk=iphoneos*]" = "iPhone Developer";
				COPY_PHASE_STRIP = NO;
				DEBUG_INFORMATION_FORMAT = "dwarf-with-dsym";
				ENABLE_NS_ASSERTIONS = NO;
				ENABLE_STRICT_OBJC_MSGSEND = YES;
				GCC_C_LANGUAGE_STANDARD = gnu99;
				GCC_NO_COMMON_BLOCKS = YES;
				GCC_WARN_64_TO_32_BIT_CONVERSION = YES;
				GCC_WARN_ABOUT_RETURN_TYPE = YES_ERROR;
				GCC_WARN_UNDECLARED_SELECTOR = YES;
				GCC_WARN_UNINITIALIZED_AUTOS = YES_AGGRESSIVE;
				GCC_WARN_UNUSED_FUNCTION = YES;
				GCC_WARN_UNUSED_VARIABLE = YES;
				IPHONEOS_DEPLOYMENT_TARGET = 8.4;
				MTL_ENABLE_DEBUG_INFO = NO;
				SDKROOT = iphoneos;
				VALIDATE_PRODUCT = YES;
			};
			name = Release;
		};
		7FB741D51B666A7600C7BFDC /* Debug */ = {
			isa = XCBuildConfiguration;
			buildSettings = {
				ARCHS = "$(ARCHS_STANDARD_32_BIT)";
				ASSETCATALOG_COMPILER_APPICON_NAME = AppIcon;
				CLANG_ENABLE_MODULES = YES;
				CODE_SIGN_IDENTITY = "iPhone Developer";
				"CODE_SIGN_IDENTITY[sdk=iphoneos*]" = "iPhone Developer";
				FRAMEWORK_SEARCH_PATHS = (
					"$(inherited)",
					"/Users/rharada/Downloads/SkyWay-iOS-SDK-0.1.0",
				);
				INFOPLIST_FILE = "TV電話/Info.plist";
				LD_RUNPATH_SEARCH_PATHS = "$(inherited) @executable_path/Frameworks";
				PRODUCT_NAME = "$(TARGET_NAME)";
				PROVISIONING_PROFILE = "";
				SWIFT_OBJC_BRIDGING_HEADER = "TV電話/TV電話-Bridging-Header.h";
				SWIFT_OPTIMIZATION_LEVEL = "-Onone";
			};
			name = Debug;
		};
		7FB741D61B666A7600C7BFDC /* Release */ = {
			isa = XCBuildConfiguration;
			buildSettings = {
				ARCHS = "$(ARCHS_STANDARD_32_BIT)";
				ASSETCATALOG_COMPILER_APPICON_NAME = AppIcon;
				CLANG_ENABLE_MODULES = YES;
				CODE_SIGN_IDENTITY = "iPhone Developer";
				"CODE_SIGN_IDENTITY[sdk=iphoneos*]" = "iPhone Developer";
				FRAMEWORK_SEARCH_PATHS = (
					"$(inherited)",
					"/Users/rharada/Downloads/SkyWay-iOS-SDK-0.1.0",
				);
				INFOPLIST_FILE = "TV電話/Info.plist";
				LD_RUNPATH_SEARCH_PATHS = "$(inherited) @executable_path/Frameworks";
				PRODUCT_NAME = "$(TARGET_NAME)";
				PROVISIONING_PROFILE = "";
				SWIFT_OBJC_BRIDGING_HEADER = "TV電話/TV電話-Bridging-Header.h";
			};
			name = Release;
		};
		7FB741D81B666A7600C7BFDC /* Debug */ = {
			isa = XCBuildConfiguration;
			buildSettings = {
				BUNDLE_LOADER = "$(TEST_HOST)";
				FRAMEWORK_SEARCH_PATHS = (
					"$(SDKROOT)/Developer/Library/Frameworks",
					"$(inherited)",
				);
				GCC_PREPROCESSOR_DEFINITIONS = (
					"DEBUG=1",
					"$(inherited)",
				);
				INFOPLIST_FILE = "TV電話Tests/Info.plist";
				LD_RUNPATH_SEARCH_PATHS = "$(inherited) @executable_path/Frameworks @loader_path/Frameworks";
				PRODUCT_NAME = "$(TARGET_NAME)";
				TEST_HOST = "$(BUILT_PRODUCTS_DIR)/TV電話.app/TV電話";
			};
			name = Debug;
		};
		7FB741D91B666A7600C7BFDC /* Release */ = {
			isa = XCBuildConfiguration;
			buildSettings = {
				BUNDLE_LOADER = "$(TEST_HOST)";
				FRAMEWORK_SEARCH_PATHS = (
					"$(SDKROOT)/Developer/Library/Frameworks",
					"$(inherited)",
				);
				INFOPLIST_FILE = "TV電話Tests/Info.plist";
				LD_RUNPATH_SEARCH_PATHS = "$(inherited) @executable_path/Frameworks @loader_path/Frameworks";
				PRODUCT_NAME = "$(TARGET_NAME)";
				TEST_HOST = "$(BUILT_PRODUCTS_DIR)/TV電話.app/TV電話";
			};
			name = Release;
		};
/* End XCBuildConfiguration section */

/* Begin XCConfigurationList section */
		7FB741B01B666A7600C7BFDC /* Build configuration list for PBXProject "TV電話" */ = {
			isa = XCConfigurationList;
			buildConfigurations = (
				7FB741D21B666A7600C7BFDC /* Debug */,
				7FB741D31B666A7600C7BFDC /* Release */,
			);
			defaultConfigurationIsVisible = 0;
			defaultConfigurationName = Release;
		};
		7FB741D41B666A7600C7BFDC /* Build configuration list for PBXNativeTarget "TV電話" */ = {
			isa = XCConfigurationList;
			buildConfigurations = (
				7FB741D51B666A7600C7BFDC /* Debug */,
				7FB741D61B666A7600C7BFDC /* Release */,
			);
			defaultConfigurationIsVisible = 0;
		};
		7FB741D71B666A7600C7BFDC /* Build configuration list for PBXNativeTarget "TV電話Tests" */ = {
			isa = XCConfigurationList;
			buildConfigurations = (
				7FB741D81B666A7600C7BFDC /* Debug */,
				7FB741D91B666A7600C7BFDC /* Release */,
			);
			defaultConfigurationIsVisible = 0;
		};
/* End XCConfigurationList section */
	};
	rootObject = 7FB741AD1B666A7600C7BFDC /* Project object */;
}
